
Microsoft Visual Studio Solution File, Format Version 12.00
Project("{FAE04EC0-301F-11D3-BF4B-00C04F79EFBC}") = "clodcaster", "clodcaster.csproj", "{B72D6FC8-B99D-4D8A-A66B-D8CF458820B1}"
EndProject
Global
	GlobalSection(SolutionConfigurationPlatforms) = preSolution
		Debug|Any CPU = Debug|Any CPU
		Release|Any CPU = Release|Any CPU
	EndGlobalSection
	GlobalSection(ProjectConfigurationPlatforms) = postSolution
		{B72D6FC8-B99D-4D8A-A66B-D8CF458820B1}.Debug|Any CPU.ActiveCfg = Debug|Any CPU
		{B72D6FC8-B99D-4D8A-A66B-D8CF458820B1}.Debug|Any CPU.Build.0 = Debug|Any CPU
		{B72D6FC8-B99D-4D8A-A66B-D8CF458820B1}.Release|Any CPU.ActiveCfg = Release|Any CPU
		{B72D6FC8-B99D-4D8A-A66B-D8CF458820B1}.Release|Any CPU.Build.0 = Release|Any CPU
	EndGlobalSection
EndGlobal
